
Microsoft Visual Studio Solution File, Format Version 12.00
# Visual Studio Version 17
VisualStudioVersion = 17.6.33723.286
MinimumVisualStudioVersion = 10.0.40219.1
Project("{FAE04EC0-301F-11D3-BF4B-00C04F79EFBC}") = "assignmentkmam", "assignmentkmam.csproj", "{1D669A83-B65A-48EF-A90A-F83FBF8188EF}"
EndProject
Global
	GlobalSection(SolutionConfigurationPlatforms) = preSolution
		Debug|Any CPU = Debug|Any CPU
		Release|Any CPU = Release|Any CPU
	EndGlobalSection
	GlobalSection(ProjectConfigurationPlatforms) = postSolution
		{1D669A83-B65A-48EF-A90A-F83FBF8188EF}.Debug|Any CPU.ActiveCfg = Debug|Any CPU
		{1D669A83-B65A-48EF-A90A-F83FBF8188EF}.Debug|Any CPU.Build.0 = Debug|Any CPU
		{1D669A83-B65A-48EF-A90A-F83FBF8188EF}.Release|Any CPU.ActiveCfg = Release|Any CPU
		{1D669A83-B65A-48EF-A90A-F83FBF8188EF}.Release|Any CPU.Build.0 = Release|Any CPU
	EndGlobalSection
	GlobalSection(SolutionProperties) = preSolution
		HideSolutionNode = FALSE
	EndGlobalSection
	GlobalSection(ExtensibilityGlobals) = postSolution
		SolutionGuid = {215232A2-12AC-45E4-A75F-C1A413269921}
	EndGlobalSection
EndGlobal
